{
  "requires": true,
  "lockfileVersion": 1,
  "dependencies": {
    "tang-beijing": {
      "version": "1.0.0",
      "resolved": "https://registry.npmjs.org/tang-beijing/-/tang-beijing-1.0.0.tgz",
      "integrity": "sha512-FZMn46xVQ2PvKFNFOWjI5CRGcRaiY/Lzi3kP6a+fjZCLVdRi+RiVHwTYAVApAwz7kG0PKFeqzfiVVSGgUEv/OA=="
    }
  }
}
